// !$*UTF8*$!
{
	archiveVersion = 1;
	classes = {
	};
	objectVersion = 46;
	objects = {

/* Begin PBXBuildFile section */
		E81D52ED1CE0BA2E00674F98 /* TrackDetailsViewController.swift in Sources */ = {isa = PBXBuildFile; fileRef = E81D52EC1CE0BA2E00674F98 /* TrackDetailsViewController.swift */; };
		E81D52F31CE0BBDD00674F98 /* Track+CoreDataProperties.swift in Sources */ = {isa = PBXBuildFile; fileRef = E81D52F11CE0BBDD00674F98 /* Track+CoreDataProperties.swift */; };
		E81D52F41CE0BBDD00674F98 /* Track.swift in Sources */ = {isa = PBXBuildFile; fileRef = E81D52F21CE0BBDD00674F98 /* Track.swift */; };
		E81D52F61CE0C82A00674F98 /* description.txt in Resources */ = {isa = PBXBuildFile; fileRef = E81D52F51CE0C82A00674F98 /* description.txt */; };
		E82507FE1CDFCDA7006203C4 /* AppDelegate.swift in Sources */ = {isa = PBXBuildFile; fileRef = E82507FD1CDFCDA7006203C4 /* AppDelegate.swift */; };
		E82508071CDFCDA7006203C4 /* Main.storyboard in Resources */ = {isa = PBXBuildFile; fileRef = E82508051CDFCDA7006203C4 /* Main.storyboard */; };
		E82508091CDFCDA7006203C4 /* Assets.xcassets in Resources */ = {isa = PBXBuildFile; fileRef = E82508081CDFCDA7006203C4 /* Assets.xcassets */; };
		E825080C1CDFCDA7006203C4 /* LaunchScreen.storyboard in Resources */ = {isa = PBXBuildFile; fileRef = E825080A1CDFCDA7006203C4 /* LaunchScreen.storyboard */; };
		E82508151CDFCEB0006203C4 /* MainViewController.swift in Sources */ = {isa = PBXBuildFile; fileRef = E82508141CDFCEB0006203C4 /* MainViewController.swift */; };
		E825086B1CE0B36C006203C4 /* 0cb124c8-2336-4ceb-9f57-675fe48528f0 in Resources */ = {isa = PBXBuildFile; fileRef = E82508611CE0B36C006203C4 /* 0cb124c8-2336-4ceb-9f57-675fe48528f0 */; };
		E825086C1CE0B36C006203C4 /* 4e2b5a40-303a-4438-8076-d397c30b07a5 in Resources */ = {isa = PBXBuildFile; fileRef = E82508621CE0B36C006203C4 /* 4e2b5a40-303a-4438-8076-d397c30b07a5 */; };
		E825086D1CE0B36C006203C4 /* 5c6318ab-102b-499c-8f34-fcb5636a40e4 in Resources */ = {isa = PBXBuildFile; fileRef = E82508631CE0B36C006203C4 /* 5c6318ab-102b-499c-8f34-fcb5636a40e4 */; };
		E825086E1CE0B36C006203C4 /* 33e8f395-6270-48bf-95c3-06a8f9b50b27 in Resources */ = {isa = PBXBuildFile; fileRef = E82508641CE0B36C006203C4 /* 33e8f395-6270-48bf-95c3-06a8f9b50b27 */; };
		E825086F1CE0B36C006203C4 /* 755b6a0f-dd51-4c55-a95e-f7dbe6839dcf in Resources */ = {isa = PBXBuildFile; fileRef = E82508651CE0B36C006203C4 /* 755b6a0f-dd51-4c55-a95e-f7dbe6839dcf */; };
		E82508701CE0B36C006203C4 /* 965b450f-10a6-4c9c-bd6d-88a331a1cb2e in Resources */ = {isa = PBXBuildFile; fileRef = E82508661CE0B36C006203C4 /* 965b450f-10a6-4c9c-bd6d-88a331a1cb2e */; };
		E82508711CE0B36C006203C4 /* 03578b1c-c0fb-4f19-9ca1-43fe27f61d59 in Resources */ = {isa = PBXBuildFile; fileRef = E82508671CE0B36C006203C4 /* 03578b1c-c0fb-4f19-9ca1-43fe27f61d59 */; };
		E82508721CE0B36C006203C4 /* afd91017-5c9c-4a9e-adec-4553047b527f in Resources */ = {isa = PBXBuildFile; fileRef = E82508681CE0B36C006203C4 /* afd91017-5c9c-4a9e-adec-4553047b527f */; };
		E82508731CE0B36C006203C4 /* c727747f-6148-4eb0-bcbb-adc200329f3f in Resources */ = {isa = PBXBuildFile; fileRef = E82508691CE0B36C006203C4 /* c727747f-6148-4eb0-bcbb-adc200329f3f */; };
		E82508741CE0B36C006203C4 /* d727348d-6c75-4eee-9579-9163eabad46d in Resources */ = {isa = PBXBuildFile; fileRef = E825086A1CE0B36C006203C4 /* d727348d-6c75-4eee-9579-9163eabad46d */; };
		E87FB78622B0248E00E037CC /* TrackItemView.swift in Sources */ = {isa = PBXBuildFile; fileRef = E87FB78522B0248E00E037CC /* TrackItemView.swift */; };
		E87FB78A22B02DBE00E037CC /* TrackDetailsView.swift in Sources */ = {isa = PBXBuildFile; fileRef = E87FB78922B02DBE00E037CC /* TrackDetailsView.swift */; };
		E88E797D22A97FC9006BDF3F /* UINavigationController.swift in Sources */ = {isa = PBXBuildFile; fileRef = E88E797C22A97FC9006BDF3F /* UINavigationController.swift */; };
		E88E798022A981AC006BDF3F /* MusicModel.xcdatamodeld in Sources */ = {isa = PBXBuildFile; fileRef = E88E797E22A981AC006BDF3F /* MusicModel.xcdatamodeld */; };
		E88E798622A98C75006BDF3F /* TrackListViewModel.swift in Sources */ = {isa = PBXBuildFile; fileRef = E88E798522A98C75006BDF3F /* TrackListViewModel.swift */; };
		E88E798A22A98E25006BDF3F /* TracksDataStore.swift in Sources */ = {isa = PBXBuildFile; fileRef = E88E798922A98E25006BDF3F /* TracksDataStore.swift */; };
		E88E798C22A98E83006BDF3F /* CoreDataStore.swift in Sources */ = {isa = PBXBuildFile; fileRef = E88E798B22A98E83006BDF3F /* CoreDataStore.swift */; };
		E8ADF40322B0DD1800DF0270 /* TrackHeaderView.swift in Sources */ = {isa = PBXBuildFile; fileRef = E8ADF40222B0DD1800DF0270 /* TrackHeaderView.swift */; };
		E8ADF40622B0DD6100DF0270 /* TrackDetailsViewModel.swift in Sources */ = {isa = PBXBuildFile; fileRef = E8ADF40522B0DD6100DF0270 /* TrackDetailsViewModel.swift */; };
		E8DD18E11CE0F642005333AC /* UIExtensions.swift in Sources */ = {isa = PBXBuildFile; fileRef = E8DD18E01CE0F642005333AC /* UIExtensions.swift */; };
		E8E8BA6F1CE1044B007BBC61 /* music.db in Resources */ = {isa = PBXBuildFile; fileRef = E8E8BA6E1CE1044B007BBC61 /* music.db */; };
		E8E8BA731CE106C6007BBC61 /* TrackCell.swift in Sources */ = {isa = PBXBuildFile; fileRef = E8E8BA721CE106C6007BBC61 /* TrackCell.swift */; };
		E8FCB74122AA496300D50126 /* SceneDelegate.swift in Sources */ = {isa = PBXBuildFile; fileRef = E8FCB74022AA496300D50126 /* SceneDelegate.swift */; };
		E8FCB74522AA502C00D50126 /* TrackListView.swift in Sources */ = {isa = PBXBuildFile; fileRef = E8FCB74422AA502C00D50126 /* TrackListView.swift */; };
/* End PBXBuildFile section */

/* Begin PBXFileReference section */
		E81D52EC1CE0BA2E00674F98 /* TrackDetailsViewController.swift */ = {isa = PBXFileReference; fileEncoding = 4; lastKnownFileType = sourcecode.swift; path = TrackDetailsViewController.swift; sourceTree = "<group>"; };
		E81D52F11CE0BBDD00674F98 /* Track+CoreDataProperties.swift */ = {isa = PBXFileReference; fileEncoding = 4; lastKnownFileType = sourcecode.swift; path = "Track+CoreDataProperties.swift"; sourceTree = "<group>"; };
		E81D52F21CE0BBDD00674F98 /* Track.swift */ = {isa = PBXFileReference; fileEncoding = 4; lastKnownFileType = sourcecode.swift; path = Track.swift; sourceTree = "<group>"; };
		E81D52F51CE0C82A00674F98 /* description.txt */ = {isa = PBXFileReference; fileEncoding = 4; lastKnownFileType = text; path = description.txt; sourceTree = "<group>"; };
		E82507FA1CDFCDA7006203C4 /* musiclist.app */ = {isa = PBXFileReference; explicitFileType = wrapper.application; includeInIndex = 0; path = musiclist.app; sourceTree = BUILT_PRODUCTS_DIR; };
		E82507FD1CDFCDA7006203C4 /* AppDelegate.swift */ = {isa = PBXFileReference; lastKnownFileType = sourcecode.swift; path = AppDelegate.swift; sourceTree = "<group>"; };
		E82508061CDFCDA7006203C4 /* Base */ = {isa = PBXFileReference; lastKnownFileType = file.storyboard; name = Base; path = Base.lproj/Main.storyboard; sourceTree = "<group>"; };
		E82508081CDFCDA7006203C4 /* Assets.xcassets */ = {isa = PBXFileReference; lastKnownFileType = folder.assetcatalog; path = Assets.xcassets; sourceTree = "<group>"; };
		E825080B1CDFCDA7006203C4 /* Base */ = {isa = PBXFileReference; lastKnownFileType = file.storyboard; name = Base; path = Base.lproj/LaunchScreen.storyboard; sourceTree = "<group>"; };
		E825080D1CDFCDA7006203C4 /* Info.plist */ = {isa = PBXFileReference; lastKnownFileType = text.plist.xml; path = Info.plist; sourceTree = "<group>"; };
		E82508141CDFCEB0006203C4 /* MainViewController.swift */ = {isa = PBXFileReference; fileEncoding = 4; lastKnownFileType = sourcecode.swift; path = MainViewController.swift; sourceTree = "<group>"; };
		E82508611CE0B36C006203C4 /* 0cb124c8-2336-4ceb-9f57-675fe48528f0 */ = {isa = PBXFileReference; lastKnownFileType = file; path = "0cb124c8-2336-4ceb-9f57-675fe48528f0"; sourceTree = "<group>"; };
		E82508621CE0B36C006203C4 /* 4e2b5a40-303a-4438-8076-d397c30b07a5 */ = {isa = PBXFileReference; lastKnownFileType = file; path = "4e2b5a40-303a-4438-8076-d397c30b07a5"; sourceTree = "<group>"; };
		E82508631CE0B36C006203C4 /* 5c6318ab-102b-499c-8f34-fcb5636a40e4 */ = {isa = PBXFileReference; lastKnownFileType = file; path = "5c6318ab-102b-499c-8f34-fcb5636a40e4"; sourceTree = "<group>"; };
		E82508641CE0B36C006203C4 /* 33e8f395-6270-48bf-95c3-06a8f9b50b27 */ = {isa = PBXFileReference; lastKnownFileType = file; path = "33e8f395-6270-48bf-95c3-06a8f9b50b27"; sourceTree = "<group>"; };
		E82508651CE0B36C006203C4 /* 755b6a0f-dd51-4c55-a95e-f7dbe6839dcf */ = {isa = PBXFileReference; lastKnownFileType = file; path = "755b6a0f-dd51-4c55-a95e-f7dbe6839dcf"; sourceTree = "<group>"; };
		E82508661CE0B36C006203C4 /* 965b450f-10a6-4c9c-bd6d-88a331a1cb2e */ = {isa = PBXFileReference; lastKnownFileType = file; path = "965b450f-10a6-4c9c-bd6d-88a331a1cb2e"; sourceTree = "<group>"; };
		E82508671CE0B36C006203C4 /* 03578b1c-c0fb-4f19-9ca1-43fe27f61d59 */ = {isa = PBXFileReference; lastKnownFileType = file; path = "03578b1c-c0fb-4f19-9ca1-43fe27f61d59"; sourceTree = "<group>"; };
		E82508681CE0B36C006203C4 /* afd91017-5c9c-4a9e-adec-4553047b527f */ = {isa = PBXFileReference; lastKnownFileType = file; path = "afd91017-5c9c-4a9e-adec-4553047b527f"; sourceTree = "<group>"; };
		E82508691CE0B36C006203C4 /* c727747f-6148-4eb0-bcbb-adc200329f3f */ = {isa = PBXFileReference; lastKnownFileType = file; path = "c727747f-6148-4eb0-bcbb-adc200329f3f"; sourceTree = "<group>"; };
		E825086A1CE0B36C006203C4 /* d727348d-6c75-4eee-9579-9163eabad46d */ = {isa = PBXFileReference; lastKnownFileType = file; path = "d727348d-6c75-4eee-9579-9163eabad46d"; sourceTree = "<group>"; };
		E87FB78522B0248E00E037CC /* TrackItemView.swift */ = {isa = PBXFileReference; lastKnownFileType = sourcecode.swift; path = TrackItemView.swift; sourceTree = "<group>"; };
		E87FB78922B02DBE00E037CC /* TrackDetailsView.swift */ = {isa = PBXFileReference; lastKnownFileType = sourcecode.swift; path = TrackDetailsView.swift; sourceTree = "<group>"; };
		E88E797C22A97FC9006BDF3F /* UINavigationController.swift */ = {isa = PBXFileReference; lastKnownFileType = sourcecode.swift; path = UINavigationController.swift; sourceTree = "<group>"; };
		E88E797F22A981AC006BDF3F /* MusicModel.xcdatamodel */ = {isa = PBXFileReference; lastKnownFileType = wrapper.xcdatamodel; path = MusicModel.xcdatamodel; sourceTree = "<group>"; };
		E88E798522A98C75006BDF3F /* TrackListViewModel.swift */ = {isa = PBXFileReference; lastKnownFileType = sourcecode.swift; path = TrackListViewModel.swift; sourceTree = "<group>"; };
		E88E798922A98E25006BDF3F /* TracksDataStore.swift */ = {isa = PBXFileReference; lastKnownFileType = sourcecode.swift; path = TracksDataStore.swift; sourceTree = "<group>"; };
		E88E798B22A98E83006BDF3F /* CoreDataStore.swift */ = {isa = PBXFileReference; lastKnownFileType = sourcecode.swift; path = CoreDataStore.swift; sourceTree = "<group>"; };
		E8ADF40222B0DD1800DF0270 /* TrackHeaderView.swift */ = {isa = PBXFileReference; lastKnownFileType = sourcecode.swift; path = TrackHeaderView.swift; sourceTree = "<group>"; };
		E8ADF40522B0DD6100DF0270 /* TrackDetailsViewModel.swift */ = {isa = PBXFileReference; lastKnownFileType = sourcecode.swift; path = TrackDetailsViewModel.swift; sourceTree = "<group>"; };
		E8DD18E01CE0F642005333AC /* UIExtensions.swift */ = {isa = PBXFileReference; fileEncoding = 4; lastKnownFileType = sourcecode.swift; path = UIExtensions.swift; sourceTree = "<group>"; };
		E8E8BA6E1CE1044B007BBC61 /* music.db */ = {isa = PBXFileReference; lastKnownFileType = file; path = music.db; sourceTree = "<group>"; };
		E8E8BA721CE106C6007BBC61 /* TrackCell.swift */ = {isa = PBXFileReference; fileEncoding = 4; lastKnownFileType = sourcecode.swift; path = TrackCell.swift; sourceTree = "<group>"; };
		E8FCB74022AA496300D50126 /* SceneDelegate.swift */ = {isa = PBXFileReference; lastKnownFileType = sourcecode.swift; path = SceneDelegate.swift; sourceTree = "<group>"; };
		E8FCB74422AA502C00D50126 /* TrackListView.swift */ = {isa = PBXFileReference; lastKnownFileType = sourcecode.swift; path = TrackListView.swift; sourceTree = "<group>"; };
/* End PBXFileReference section */

/* Begin PBXFrameworksBuildPhase section */
		E82507F71CDFCDA7006203C4 /* Frameworks */ = {
			isa = PBXFrameworksBuildPhase;
			buildActionMask = 2147483647;
			files = (
			);
			runOnlyForDeploymentPostprocessing = 0;
		};
/* End PBXFrameworksBuildPhase section */

/* Begin PBXGroup section */
		E81D52EE1CE0BAB700674F98 /* Model */ = {
			isa = PBXGroup;
			children = (
				E81D52F11CE0BBDD00674F98 /* Track+CoreDataProperties.swift */,
				E81D52F21CE0BBDD00674F98 /* Track.swift */,
			);
			path = Model;
			sourceTree = "<group>";
		};
		E82507F11CDFCDA7006203C4 = {
			isa = PBXGroup;
			children = (
				E82507FC1CDFCDA7006203C4 /* musiclist */,
				E82507FB1CDFCDA7006203C4 /* Products */,
			);
			sourceTree = "<group>";
		};
		E82507FB1CDFCDA7006203C4 /* Products */ = {
			isa = PBXGroup;
			children = (
				E82507FA1CDFCDA7006203C4 /* musiclist.app */,
			);
			name = Products;
			sourceTree = "<group>";
		};
		E82507FC1CDFCDA7006203C4 /* musiclist */ = {
			isa = PBXGroup;
			children = (
				E81D52EE1CE0BAB700674F98 /* Model */,
				E82508161CDFD2C9006203C4 /* Data */,
				E88E798122A98BD1006BDF3F /* TrackList */,
				E88E798222A98BE4006BDF3F /* TrackDetails */,
				E8DD18DE1CE0F625005333AC /* Utils */,
				E82507FD1CDFCDA7006203C4 /* AppDelegate.swift */,
				E8FCB74022AA496300D50126 /* SceneDelegate.swift */,
				E82508051CDFCDA7006203C4 /* Main.storyboard */,
				E82508081CDFCDA7006203C4 /* Assets.xcassets */,
				E825080A1CDFCDA7006203C4 /* LaunchScreen.storyboard */,
				E825080D1CDFCDA7006203C4 /* Info.plist */,
			);
			path = musiclist;
			sourceTree = "<group>";
		};
		E82508161CDFD2C9006203C4 /* Data */ = {
			isa = PBXGroup;
			children = (
				E82508181CDFD327006203C4 /* Covers */,
				E8E8BA6E1CE1044B007BBC61 /* music.db */,
				E81D52F51CE0C82A00674F98 /* description.txt */,
				E88E797E22A981AC006BDF3F /* MusicModel.xcdatamodeld */,
				E88E798B22A98E83006BDF3F /* CoreDataStore.swift */,
				E88E798922A98E25006BDF3F /* TracksDataStore.swift */,
			);
			path = Data;
			sourceTree = "<group>";
		};
		E82508181CDFD327006203C4 /* Covers */ = {
			isa = PBXGroup;
			children = (
				E82508611CE0B36C006203C4 /* 0cb124c8-2336-4ceb-9f57-675fe48528f0 */,
				E82508621CE0B36C006203C4 /* 4e2b5a40-303a-4438-8076-d397c30b07a5 */,
				E82508631CE0B36C006203C4 /* 5c6318ab-102b-499c-8f34-fcb5636a40e4 */,
				E82508641CE0B36C006203C4 /* 33e8f395-6270-48bf-95c3-06a8f9b50b27 */,
				E82508651CE0B36C006203C4 /* 755b6a0f-dd51-4c55-a95e-f7dbe6839dcf */,
				E82508661CE0B36C006203C4 /* 965b450f-10a6-4c9c-bd6d-88a331a1cb2e */,
				E82508671CE0B36C006203C4 /* 03578b1c-c0fb-4f19-9ca1-43fe27f61d59 */,
				E82508681CE0B36C006203C4 /* afd91017-5c9c-4a9e-adec-4553047b527f */,
				E82508691CE0B36C006203C4 /* c727747f-6148-4eb0-bcbb-adc200329f3f */,
				E825086A1CE0B36C006203C4 /* d727348d-6c75-4eee-9579-9163eabad46d */,
			);
			path = Covers;
			sourceTree = "<group>";
		};
		E87FB78422B0248000E037CC /* Views */ = {
			isa = PBXGroup;
			children = (
				E87FB78522B0248E00E037CC /* TrackItemView.swift */,
			);
			path = Views;
			sourceTree = "<group>";
		};
		E88E798122A98BD1006BDF3F /* TrackList */ = {
			isa = PBXGroup;
			children = (
				E87FB78422B0248000E037CC /* Views */,
				E88E798422A98C68006BDF3F /* ViewModel */,
				E88E798322A98C00006BDF3F /* Cells */,
				E82508141CDFCEB0006203C4 /* MainViewController.swift */,
				E8FCB74422AA502C00D50126 /* TrackListView.swift */,
			);
			path = TrackList;
			sourceTree = "<group>";
		};
		E88E798222A98BE4006BDF3F /* TrackDetails */ = {
			isa = PBXGroup;
			children = (
				E8ADF40122B0DD0600DF0270 /* Views */,
				E8ADF40422B0DD5200DF0270 /* ViewModel */,
				E81D52EC1CE0BA2E00674F98 /* TrackDetailsViewController.swift */,
				E87FB78922B02DBE00E037CC /* TrackDetailsView.swift */,
			);
			path = TrackDetails;
			sourceTree = "<group>";
		};
		E88E798322A98C00006BDF3F /* Cells */ = {
			isa = PBXGroup;
			children = (
				E8E8BA721CE106C6007BBC61 /* TrackCell.swift */,
			);
			path = Cells;
			sourceTree = "<group>";
		};
		E88E798422A98C68006BDF3F /* ViewModel */ = {
			isa = PBXGroup;
			children = (
				E88E798522A98C75006BDF3F /* TrackListViewModel.swift */,
			);
			path = ViewModel;
			sourceTree = "<group>";
		};
		E8ADF40122B0DD0600DF0270 /* Views */ = {
			isa = PBXGroup;
			children = (
				E8ADF40222B0DD1800DF0270 /* TrackHeaderView.swift */,
			);
			path = Views;
			sourceTree = "<group>";
		};
		E8ADF40422B0DD5200DF0270 /* ViewModel */ = {
			isa = PBXGroup;
			children = (
				E8ADF40522B0DD6100DF0270 /* TrackDetailsViewModel.swift */,
			);
			path = ViewModel;
			sourceTree = "<group>";
		};
		E8DD18DE1CE0F625005333AC /* Utils */ = {
			isa = PBXGroup;
			children = (
				E8DD18DF1CE0F629005333AC /* Extensions */,
			);
			path = Utils;
			sourceTree = "<group>";
		};
		E8DD18DF1CE0F629005333AC /* Extensions */ = {
			isa = PBXGroup;
			children = (
				E8DD18E01CE0F642005333AC /* UIExtensions.swift */,
				E88E797C22A97FC9006BDF3F /* UINavigationController.swift */,
			);
			path = Extensions;
			sourceTree = "<group>";
		};
/* End PBXGroup section */

/* Begin PBXNativeTarget section */
		E82507F91CDFCDA7006203C4 /* musiclist */ = {
			isa = PBXNativeTarget;
			buildConfigurationList = E82508101CDFCDA7006203C4 /* Build configuration list for PBXNativeTarget "musiclist" */;
			buildPhases = (
				E82507F61CDFCDA7006203C4 /* Sources */,
				E82507F71CDFCDA7006203C4 /* Frameworks */,
				E82507F81CDFCDA7006203C4 /* Resources */,
			);
			buildRules = (
			);
			dependencies = (
			);
			name = musiclist;
			packageProductDependencies = (
			);
			productName = musiclist;
			productReference = E82507FA1CDFCDA7006203C4 /* musiclist.app */;
			productType = "com.apple.product-type.application";
		};
/* End PBXNativeTarget section */

/* Begin PBXProject section */
		E82507F21CDFCDA7006203C4 /* Project object */ = {
			isa = PBXProject;
			attributes = {
				LastSwiftUpdateCheck = 0730;
				LastUpgradeCheck = 1020;
				ORGANIZATIONNAME = ashuba;
				TargetAttributes = {
					E82507F91CDFCDA7006203C4 = {
						CreatedOnToolsVersion = 7.3;
						ProvisioningStyle = Automatic;
					};
				};
			};
			buildConfigurationList = E82507F51CDFCDA7006203C4 /* Build configuration list for PBXProject "musiclist" */;
			compatibilityVersion = "Xcode 3.2";
			developmentRegion = en;
			hasScannedForEncodings = 0;
			knownRegions = (
				en,
				Base,
			);
			mainGroup = E82507F11CDFCDA7006203C4;
			packageReferences = (
			);
			productRefGroup = E82507FB1CDFCDA7006203C4 /* Products */;
			projectDirPath = "";
			projectRoot = "";
			targets = (
				E82507F91CDFCDA7006203C4 /* musiclist */,
			);
		};
/* End PBXProject section */

/* Begin PBXResourcesBuildPhase section */
		E82507F81CDFCDA7006203C4 /* Resources */ = {
			isa = PBXResourcesBuildPhase;
			buildActionMask = 2147483647;
			files = (
				E825086D1CE0B36C006203C4 /* 5c6318ab-102b-499c-8f34-fcb5636a40e4 in Resources */,
				E825080C1CDFCDA7006203C4 /* LaunchScreen.storyboard in Resources */,
				E82508721CE0B36C006203C4 /* afd91017-5c9c-4a9e-adec-4553047b527f in Resources */,
				E82508091CDFCDA7006203C4 /* Assets.xcassets in Resources */,
				E82508741CE0B36C006203C4 /* d727348d-6c75-4eee-9579-9163eabad46d in Resources */,
				E825086B1CE0B36C006203C4 /* 0cb124c8-2336-4ceb-9f57-675fe48528f0 in Resources */,
				E82508711CE0B36C006203C4 /* 03578b1c-c0fb-4f19-9ca1-43fe27f61d59 in Resources */,
				E81D52F61CE0C82A00674F98 /* description.txt in Resources */,
				E82508731CE0B36C006203C4 /* c727747f-6148-4eb0-bcbb-adc200329f3f in Resources */,
				E825086E1CE0B36C006203C4 /* 33e8f395-6270-48bf-95c3-06a8f9b50b27 in Resources */,
				E825086F1CE0B36C006203C4 /* 755b6a0f-dd51-4c55-a95e-f7dbe6839dcf in Resources */,
				E8E8BA6F1CE1044B007BBC61 /* music.db in Resources */,
				E82508071CDFCDA7006203C4 /* Main.storyboard in Resources */,
				E825086C1CE0B36C006203C4 /* 4e2b5a40-303a-4438-8076-d397c30b07a5 in Resources */,
				E82508701CE0B36C006203C4 /* 965b450f-10a6-4c9c-bd6d-88a331a1cb2e in Resources */,
			);
			runOnlyForDeploymentPostprocessing = 0;
		};
/* End PBXResourcesBuildPhase section */

/* Begin PBXSourcesBuildPhase section */
		E82507F61CDFCDA7006203C4 /* Sources */ = {
			isa = PBXSourcesBuildPhase;
			buildActionMask = 2147483647;
			files = (
				E88E798622A98C75006BDF3F /* TrackListViewModel.swift in Sources */,
				E8ADF40322B0DD1800DF0270 /* TrackHeaderView.swift in Sources */,
				E82507FE1CDFCDA7006203C4 /* AppDelegate.swift in Sources */,
				E8ADF40622B0DD6100DF0270 /* TrackDetailsViewModel.swift in Sources */,
				E8DD18E11CE0F642005333AC /* UIExtensions.swift in Sources */,
				E88E798022A981AC006BDF3F /* MusicModel.xcdatamodeld in Sources */,
				E81D52ED1CE0BA2E00674F98 /* TrackDetailsViewController.swift in Sources */,
				E87FB78622B0248E00E037CC /* TrackItemView.swift in Sources */,
				E81D52F31CE0BBDD00674F98 /* Track+CoreDataProperties.swift in Sources */,
				E88E798C22A98E83006BDF3F /* CoreDataStore.swift in Sources */,
				E82508151CDFCEB0006203C4 /* MainViewController.swift in Sources */,
				E8FCB74122AA496300D50126 /* SceneDelegate.swift in Sources */,
				E88E797D22A97FC9006BDF3F /* UINavigationController.swift in Sources */,
				E81D52F41CE0BBDD00674F98 /* Track.swift in Sources */,
				E88E798A22A98E25006BDF3F /* TracksDataStore.swift in Sources */,
				E8FCB74522AA502C00D50126 /* TrackListView.swift in Sources */,
				E8E8BA731CE106C6007BBC61 /* TrackCell.swift in Sources */,
				E87FB78A22B02DBE00E037CC /* TrackDetailsView.swift in Sources */,
			);
			runOnlyForDeploymentPostprocessing = 0;
		};
/* End PBXSourcesBuildPhase section */

/* Begin PBXVariantGroup section */
		E82508051CDFCDA7006203C4 /* Main.storyboard */ = {
			isa = PBXVariantGroup;
			children = (
				E82508061CDFCDA7006203C4 /* Base */,
			);
			name = Main.storyboard;
			sourceTree = "<group>";
		};
		E825080A1CDFCDA7006203C4 /* LaunchScreen.storyboard */ = {
			isa = PBXVariantGroup;
			children = (
				E825080B1CDFCDA7006203C4 /* Base */,
			);
			name = LaunchScreen.storyboard;
			sourceTree = "<group>";
		};
/* End PBXVariantGroup section */

/* Begin XCBuildConfiguration section */
		E825080E1CDFCDA7006203C4 /* Debug */ = {
			isa = XCBuildConfiguration;
			buildSettings = {
				ALWAYS_SEARCH_USER_PATHS = NO;
				CLANG_ANALYZER_LOCALIZABILITY_NONLOCALIZED = YES;
				CLANG_ANALYZER_NONNULL = YES;
				CLANG_CXX_LANGUAGE_STANDARD = "gnu++0x";
				CLANG_CXX_LIBRARY = "libc++";
				CLANG_ENABLE_MODULES = YES;
				CLANG_ENABLE_OBJC_ARC = YES;
				CLANG_WARN_BLOCK_CAPTURE_AUTORELEASING = YES;
				CLANG_WARN_BOOL_CONVERSION = YES;
				CLANG_WARN_COMMA = YES;
				CLANG_WARN_CONSTANT_CONVERSION = YES;
				CLANG_WARN_DEPRECATED_OBJC_IMPLEMENTATIONS = YES;
				CLANG_WARN_DIRECT_OBJC_ISA_USAGE = YES_ERROR;
				CLANG_WARN_EMPTY_BODY = YES;
				CLANG_WARN_ENUM_CONVERSION = YES;
				CLANG_WARN_INFINITE_RECURSION = YES;
				CLANG_WARN_INT_CONVERSION = YES;
				CLANG_WARN_NON_LITERAL_NULL_CONVERSION = YES;
				CLANG_WARN_OBJC_IMPLICIT_RETAIN_SELF = YES;
				CLANG_WARN_OBJC_LITERAL_CONVERSION = YES;
				CLANG_WARN_OBJC_ROOT_CLASS = YES_ERROR;
				CLANG_WARN_RANGE_LOOP_ANALYSIS = YES;
				CLANG_WARN_STRICT_PROTOTYPES = YES;
				CLANG_WARN_SUSPICIOUS_MOVE = YES;
				CLANG_WARN_UNREACHABLE_CODE = YES;
				CLANG_WARN__DUPLICATE_METHOD_MATCH = YES;
				"CODE_SIGN_IDENTITY[sdk=iphoneos*]" = "iPhone Developer";
				COPY_PHASE_STRIP = NO;
				DEBUG_INFORMATION_FORMAT = dwarf;
				ENABLE_STRICT_OBJC_MSGSEND = YES;
				ENABLE_TESTABILITY = YES;
				GCC_C_LANGUAGE_STANDARD = gnu99;
				GCC_DYNAMIC_NO_PIC = NO;
				GCC_NO_COMMON_BLOCKS = YES;
				GCC_OPTIMIZATION_LEVEL = 0;
				GCC_PREPROCESSOR_DEFINITIONS = (
					"DEBUG=1",
					"$(inherited)",
				);
				GCC_WARN_64_TO_32_BIT_CONVERSION = YES;
				GCC_WARN_ABOUT_RETURN_TYPE = YES_ERROR;
				GCC_WARN_UNDECLARED_SELECTOR = YES;
				GCC_WARN_UNINITIALIZED_AUTOS = YES_AGGRESSIVE;
				GCC_WARN_UNUSED_FUNCTION = YES;
				GCC_WARN_UNUSED_VARIABLE = YES;
				IPHONEOS_DEPLOYMENT_TARGET = 12.0;
				MTL_ENABLE_DEBUG_INFO = YES;
				ONLY_ACTIVE_ARCH = YES;
				SDKROOT = iphoneos;
				SWIFT_OPTIMIZATION_LEVEL = "-Onone";
			};
			name = Debug;
		};
		E825080F1CDFCDA7006203C4 /* Release */ = {
			isa = XCBuildConfiguration;
			buildSettings = {
				ALWAYS_SEARCH_USER_PATHS = NO;
				CLANG_ANALYZER_LOCALIZABILITY_NONLOCALIZED = YES;
				CLANG_ANALYZER_NONNULL = YES;
				CLANG_CXX_LANGUAGE_STANDARD = "gnu++0x";
				CLANG_CXX_LIBRARY = "libc++";
				CLANG_ENABLE_MODULES = YES;
				CLANG_ENABLE_OBJC_ARC = YES;
				CLANG_WARN_BLOCK_CAPTURE_AUTORELEASING = YES;
				CLANG_WARN_BOOL_CONVERSION = YES;
				CLANG_WARN_COMMA = YES;
				CLANG_WARN_CONSTANT_CONVERSION = YES;
				CLANG_WARN_DEPRECATED_OBJC_IMPLEMENTATIONS = YES;
				CLANG_WARN_DIRECT_OBJC_ISA_USAGE = YES_ERROR;
				CLANG_WARN_EMPTY_BODY = YES;
				CLANG_WARN_ENUM_CONVERSION = YES;
				CLANG_WARN_INFINITE_RECURSION = YES;
				CLANG_WARN_INT_CONVERSION = YES;
				CLANG_WARN_NON_LITERAL_NULL_CONVERSION = YES;
				CLANG_WARN_OBJC_IMPLICIT_RETAIN_SELF = YES;
				CLANG_WARN_OBJC_LITERAL_CONVERSION = YES;
				CLANG_WARN_OBJC_ROOT_CLASS = YES_ERROR;
				CLANG_WARN_RANGE_LOOP_ANALYSIS = YES;
				CLANG_WARN_STRICT_PROTOTYPES = YES;
				CLANG_WARN_SUSPICIOUS_MOVE = YES;
				CLANG_WARN_UNREACHABLE_CODE = YES;
				CLANG_WARN__DUPLICATE_METHOD_MATCH = YES;
				"CODE_SIGN_IDENTITY[sdk=iphoneos*]" = "iPhone Developer";
				COPY_PHASE_STRIP = NO;
				DEBUG_INFORMATION_FORMAT = "dwarf-with-dsym";
				ENABLE_NS_ASSERTIONS = NO;
				ENABLE_STRICT_OBJC_MSGSEND = YES;
				GCC_C_LANGUAGE_STANDARD = gnu99;
				GCC_NO_COMMON_BLOCKS = YES;
				GCC_WARN_64_TO_32_BIT_CONVERSION = YES;
				GCC_WARN_ABOUT_RETURN_TYPE = YES_ERROR;
				GCC_WARN_UNDECLARED_SELECTOR = YES;
				GCC_WARN_UNINITIALIZED_AUTOS = YES_AGGRESSIVE;
				GCC_WARN_UNUSED_FUNCTION = YES;
				GCC_WARN_UNUSED_VARIABLE = YES;
				IPHONEOS_DEPLOYMENT_TARGET = 12.0;
				MTL_ENABLE_DEBUG_INFO = NO;
				SDKROOT = iphoneos;
				SWIFT_COMPILATION_MODE = wholemodule;
				VALIDATE_PRODUCT = YES;
			};
			name = Release;
		};
		E82508111CDFCDA7006203C4 /* Debug */ = {
			isa = XCBuildConfiguration;
			buildSettings = {
				ASSETCATALOG_COMPILER_APPICON_NAME = AppIcon;
				CODE_SIGN_IDENTITY = "iPhone Developer";
				"CODE_SIGN_IDENTITY[sdk=iphoneos*]" = "";
				CODE_SIGN_STYLE = Automatic;
				DEVELOPMENT_TEAM = "";
				INFOPLIST_FILE = musiclist/Info.plist;
				IPHONEOS_DEPLOYMENT_TARGET = 13.0;
				LD_RUNPATH_SEARCH_PATHS = "$(inherited) @executable_path/Frameworks";
				PRODUCT_BUNDLE_IDENTIFIER = com.ashuba.musiclist;
				PRODUCT_NAME = "$(TARGET_NAME)";
				PROVISIONING_PROFILE_SPECIFIER = "";
				SWIFT_VERSION = 5.0;
			};
			name = Debug;
		};
		E82508121CDFCDA7006203C4 /* Release */ = {
			isa = XCBuildConfiguration;
			buildSettings = {
				ASSETCATALOG_COMPILER_APPICON_NAME = AppIcon;
				CODE_SIGN_IDENTITY = "iPhone Developer";
				"CODE_SIGN_IDENTITY[sdk=iphoneos*]" = "";
				CODE_SIGN_STYLE = Automatic;
				DEVELOPMENT_TEAM = "";
				INFOPLIST_FILE = musiclist/Info.plist;
				IPHONEOS_DEPLOYMENT_TARGET = 13.0;
				LD_RUNPATH_SEARCH_PATHS = "$(inherited) @executable_path/Frameworks";
				PRODUCT_BUNDLE_IDENTIFIER = com.ashuba.musiclist;
				PRODUCT_NAME = "$(TARGET_NAME)";
				PROVISIONING_PROFILE_SPECIFIER = "";
				SWIFT_VERSION = 5.0;
			};
			name = Release;
		};
/* End XCBuildConfiguration section */

/* Begin XCConfigurationList section */
		E82507F51CDFCDA7006203C4 /* Build configuration list for PBXProject "musiclist" */ = {
			isa = XCConfigurationList;
			buildConfigurations = (
				E825080E1CDFCDA7006203C4 /* Debug */,
				E825080F1CDFCDA7006203C4 /* Release */,
			);
			defaultConfigurationIsVisible = 0;
			defaultConfigurationName = Release;
		};
		E82508101CDFCDA7006203C4 /* Build configuration list for PBXNativeTarget "musiclist" */ = {
			isa = XCConfigurationList;
			buildConfigurations = (
				E82508111CDFCDA7006203C4 /* Debug */,
				E82508121CDFCDA7006203C4 /* Release */,
			);
			defaultConfigurationIsVisible = 0;
			defaultConfigurationName = Release;
		};
/* End XCConfigurationList section */

/* Begin XCVersionGroup section */
		E88E797E22A981AC006BDF3F /* MusicModel.xcdatamodeld */ = {
			isa = XCVersionGroup;
			children = (
				E88E797F22A981AC006BDF3F /* MusicModel.xcdatamodel */,
			);
			currentVersion = E88E797F22A981AC006BDF3F /* MusicModel.xcdatamodel */;
			path = MusicModel.xcdatamodeld;
			sourceTree = "<group>";
			versionGroupType = wrapper.xcdatamodel;
		};
/* End XCVersionGroup section */
	};
	rootObject = E82507F21CDFCDA7006203C4 /* Project object */;
}
